
Microsoft Visual Studio Solution File, Format Version 12.00
# Visual Studio Version 17
VisualStudioVersion = 17.0.31903.59
MinimumVisualStudioVersion = 10.0.40219.1
Project("{2150E333-8FDC-42A3-9474-1A3956D46DE8}") = "src", "src", "{827E0CD3-B72D-47B6-A68D-7590B98EB39B}"
EndProject
Project("{FAE04EC0-301F-11D3-BF4B-00C04F79EFBC}") = "RunOnce.Abstractions", "src\RunOnce.Abstractions\RunOnce.Abstractions.csproj", "{974D43DE-68C5-4769-9F6B-890338B4D0D7}"
EndProject
Project("{FAE04EC0-301F-11D3-BF4B-00C04F79EFBC}") = "RunOnce.Core", "src\RunOnce.Core\RunOnce.Core.csproj", "{F4231187-6AAF-478F-9597-5D77148F38B2}"
EndProject
Project("{FAE04EC0-301F-11D3-BF4B-00C04F79EFBC}") = "RunOnce.Cli", "src\RunOnce.Cli\RunOnce.Cli.csproj", "{6D2D3C55-2214-4928-9121-F76BA8DCD0E1}"
EndProject
Project("{FAE04EC0-301F-11D3-BF4B-00C04F79EFBC}") = "RunOnce.Persistence.SqlServer", "src\RunOnce.Persistence.SqlServer\RunOnce.Persistence.SqlServer.csproj", "{5A88D25E-EF00-4D86-AB63-DA0C93FFF806}"
EndProject
Project("{FAE04EC0-301F-11D3-BF4B-00C04F79EFBC}") = "RunOnce.Persistence.DynamoDb", "src\RunOnce.Persistence.DynamoDb\RunOnce.Persistence.DynamoDb.csproj", "{628C2F2D-8918-4A79-AB47-8803ACB48C1A}"
EndProject
Project("{2150E333-8FDC-42A3-9474-1A3956D46DE8}") = "tests", "tests", "{0AB3BF05-4346-4AA6-1389-037BE0695223}"
EndProject
Project("{FAE04EC0-301F-11D3-BF4B-00C04F79EFBC}") = "RunOnce.Tests", "tests\RunOnce.Tests\RunOnce.Tests.csproj", "{7558AFDE-060D-495D-B9A9-D18D5CEF8991}"
EndProject
Project("{FAE04EC0-301F-11D3-BF4B-00C04F79EFBC}") = "RunOnce.Integration.Tests", "tests\RunOnce.Integration.Tests\RunOnce.Integration.Tests.csproj", "{42053999-B910-496A-8FCE-1B7787D282F1}"
EndProject
Project("{2150E333-8FDC-42A3-9474-1A3956D46DE8}") = "sample", "sample", "{4F9DEAE5-078F-E77A-2E4A-FEB6FFE226FF}"
EndProject
Project("{FAE04EC0-301F-11D3-BF4B-00C04F79EFBC}") = "Sample.Migrations", "sample\Sample.Migrations\Sample.Migrations.csproj", "{BCC55E20-4A0D-410E-AAFF-6F112718489D}"
EndProject
Global
	GlobalSection(SolutionConfigurationPlatforms) = preSolution
		Debug|Any CPU = Debug|Any CPU
		Debug|x64 = Debug|x64
		Debug|x86 = Debug|x86
		Release|Any CPU = Release|Any CPU
		Release|x64 = Release|x64
		Release|x86 = Release|x86
	EndGlobalSection
	GlobalSection(ProjectConfigurationPlatforms) = postSolution
		{974D43DE-68C5-4769-9F6B-890338B4D0D7}.Debug|Any CPU.ActiveCfg = Debug|Any CPU
		{974D43DE-68C5-4769-9F6B-890338B4D0D7}.Debug|Any CPU.Build.0 = Debug|Any CPU
		{974D43DE-68C5-4769-9F6B-890338B4D0D7}.Debug|x64.ActiveCfg = Debug|Any CPU
		{974D43DE-68C5-4769-9F6B-890338B4D0D7}.Debug|x64.Build.0 = Debug|Any CPU
		{974D43DE-68C5-4769-9F6B-890338B4D0D7}.Debug|x86.ActiveCfg = Debug|Any CPU
		{974D43DE-68C5-4769-9F6B-890338B4D0D7}.Debug|x86.Build.0 = Debug|Any CPU
		{974D43DE-68C5-4769-9F6B-890338B4D0D7}.Release|Any CPU.ActiveCfg = Release|Any CPU
		{974D43DE-68C5-4769-9F6B-890338B4D0D7}.Release|Any CPU.Build.0 = Release|Any CPU
		{974D43DE-68C5-4769-9F6B-890338B4D0D7}.Release|x64.ActiveCfg = Release|Any CPU
		{974D43DE-68C5-4769-9F6B-890338B4D0D7}.Release|x64.Build.0 = Release|Any CPU
		{974D43DE-68C5-4769-9F6B-890338B4D0D7}.Release|x86.ActiveCfg = Release|Any CPU
		{974D43DE-68C5-4769-9F6B-890338B4D0D7}.Release|x86.Build.0 = Release|Any CPU
		{F4231187-6AAF-478F-9597-5D77148F38B2}.Debug|Any CPU.ActiveCfg = Debug|Any CPU
		{F4231187-6AAF-478F-9597-5D77148F38B2}.Debug|Any CPU.Build.0 = Debug|Any CPU
		{F4231187-6AAF-478F-9597-5D77148F38B2}.Debug|x64.ActiveCfg = Debug|Any CPU
		{F4231187-6AAF-478F-9597-5D77148F38B2}.Debug|x64.Build.0 = Debug|Any CPU
		{F4231187-6AAF-478F-9597-5D77148F38B2}.Debug|x86.ActiveCfg = Debug|Any CPU
		{F4231187-6AAF-478F-9597-5D77148F38B2}.Debug|x86.Build.0 = Debug|Any CPU
		{F4231187-6AAF-478F-9597-5D77148F38B2}.Release|Any CPU.ActiveCfg = Release|Any CPU
		{F4231187-6AAF-478F-9597-5D77148F38B2}.Release|Any CPU.Build.0 = Release|Any CPU
		{F4231187-6AAF-478F-9597-5D77148F38B2}.Release|x64.ActiveCfg = Release|Any CPU
		{F4231187-6AAF-478F-9597-5D77148F38B2}.Release|x64.Build.0 = Release|Any CPU
		{F4231187-6AAF-478F-9597-5D77148F38B2}.Release|x86.ActiveCfg = Release|Any CPU
		{F4231187-6AAF-478F-9597-5D77148F38B2}.Release|x86.Build.0 = Release|Any CPU
		{6D2D3C55-2214-4928-9121-F76BA8DCD0E1}.Debug|Any CPU.ActiveCfg = Debug|Any CPU
		{6D2D3C55-2214-4928-9121-F76BA8DCD0E1}.Debug|Any CPU.Build.0 = Debug|Any CPU
		{6D2D3C55-2214-4928-9121-F76BA8DCD0E1}.Debug|x64.ActiveCfg = Debug|Any CPU
		{6D2D3C55-2214-4928-9121-F76BA8DCD0E1}.Debug|x64.Build.0 = Debug|Any CPU
		{6D2D3C55-2214-4928-9121-F76BA8DCD0E1}.Debug|x86.ActiveCfg = Debug|Any CPU
		{6D2D3C55-2214-4928-9121-F76BA8DCD0E1}.Debug|x86.Build.0 = Debug|Any CPU
		{6D2D3C55-2214-4928-9121-F76BA8DCD0E1}.Release|Any CPU.ActiveCfg = Release|Any CPU
		{6D2D3C55-2214-4928-9121-F76BA8DCD0E1}.Release|Any CPU.Build.0 = Release|Any CPU
		{6D2D3C55-2214-4928-9121-F76BA8DCD0E1}.Release|x64.ActiveCfg = Release|Any CPU
		{6D2D3C55-2214-4928-9121-F76BA8DCD0E1}.Release|x64.Build.0 = Release|Any CPU
		{6D2D3C55-2214-4928-9121-F76BA8DCD0E1}.Release|x86.ActiveCfg = Release|Any CPU
		{6D2D3C55-2214-4928-9121-F76BA8DCD0E1}.Release|x86.Build.0 = Release|Any CPU
		{5A88D25E-EF00-4D86-AB63-DA0C93FFF806}.Debug|Any CPU.ActiveCfg = Debug|Any CPU
		{5A88D25E-EF00-4D86-AB63-DA0C93FFF806}.Debug|Any CPU.Build.0 = Debug|Any CPU
		{5A88D25E-EF00-4D86-AB63-DA0C93FFF806}.Debug|x64.ActiveCfg = Debug|Any CPU
		{5A88D25E-EF00-4D86-AB63-DA0C93FFF806}.Debug|x64.Build.0 = Debug|Any CPU
		{5A88D25E-EF00-4D86-AB63-DA0C93FFF806}.Debug|x86.ActiveCfg = Debug|Any CPU
		{5A88D25E-EF00-4D86-AB63-DA0C93FFF806}.Debug|x86.Build.0 = Debug|Any CPU
		{5A88D25E-EF00-4D86-AB63-DA0C93FFF806}.Release|Any CPU.ActiveCfg = Release|Any CPU
		{5A88D25E-EF00-4D86-AB63-DA0C93FFF806}.Release|Any CPU.Build.0 = Release|Any CPU
		{5A88D25E-EF00-4D86-AB63-DA0C93FFF806}.Release|x64.ActiveCfg = Release|Any CPU
		{5A88D25E-EF00-4D86-AB63-DA0C93FFF806}.Release|x64.Build.0 = Release|Any CPU
		{5A88D25E-EF00-4D86-AB63-DA0C93FFF806}.Release|x86.ActiveCfg = Release|Any CPU
		{5A88D25E-EF00-4D86-AB63-DA0C93FFF806}.Release|x86.Build.0 = Release|Any CPU
		{628C2F2D-8918-4A79-AB47-8803ACB48C1A}.Debug|Any CPU.ActiveCfg = Debug|Any CPU
		{628C2F2D-8918-4A79-AB47-8803ACB48C1A}.Debug|Any CPU.Build.0 = Debug|Any CPU
		{628C2F2D-8918-4A79-AB47-8803ACB48C1A}.Debug|x64.ActiveCfg = Debug|Any CPU
		{628C2F2D-8918-4A79-AB47-8803ACB48C1A}.Debug|x64.Build.0 = Debug|Any CPU
		{628C2F2D-8918-4A79-AB47-8803ACB48C1A}.Debug|x86.ActiveCfg = Debug|Any CPU
		{628C2F2D-8918-4A79-AB47-8803ACB48C1A}.Debug|x86.Build.0 = Debug|Any CPU
		{628C2F2D-8918-4A79-AB47-8803ACB48C1A}.Release|Any CPU.ActiveCfg = Release|Any CPU
		{628C2F2D-8918-4A79-AB47-8803ACB48C1A}.Release|Any CPU.Build.0 = Release|Any CPU
		{628C2F2D-8918-4A79-AB47-8803ACB48C1A}.Release|x64.ActiveCfg = Release|Any CPU
		{628C2F2D-8918-4A79-AB47-8803ACB48C1A}.Release|x64.Build.0 = Release|Any CPU
		{628C2F2D-8918-4A79-AB47-8803ACB48C1A}.Release|x86.ActiveCfg = Release|Any CPU
		{628C2F2D-8918-4A79-AB47-8803ACB48C1A}.Release|x86.Build.0 = Release|Any CPU
		{7558AFDE-060D-495D-B9A9-D18D5CEF8991}.Debug|Any CPU.ActiveCfg = Debug|Any CPU
		{7558AFDE-060D-495D-B9A9-D18D5CEF8991}.Debug|Any CPU.Build.0 = Debug|Any CPU
		{7558AFDE-060D-495D-B9A9-D18D5CEF8991}.Debug|x64.ActiveCfg = Debug|Any CPU
		{7558AFDE-060D-495D-B9A9-D18D5CEF8991}.Debug|x64.Build.0 = Debug|Any CPU
		{7558AFDE-060D-495D-B9A9-D18D5CEF8991}.Debug|x86.ActiveCfg = Debug|Any CPU
		{7558AFDE-060D-495D-B9A9-D18D5CEF8991}.Debug|x86.Build.0 = Debug|Any CPU
		{7558AFDE-060D-495D-B9A9-D18D5CEF8991}.Release|Any CPU.ActiveCfg = Release|Any CPU
		{7558AFDE-060D-495D-B9A9-D18D5CEF8991}.Release|Any CPU.Build.0 = Release|Any CPU
		{7558AFDE-060D-495D-B9A9-D18D5CEF8991}.Release|x64.ActiveCfg = Release|Any CPU
		{7558AFDE-060D-495D-B9A9-D18D5CEF8991}.Release|x64.Build.0 = Release|Any CPU
		{7558AFDE-060D-495D-B9A9-D18D5CEF8991}.Release|x86.ActiveCfg = Release|Any CPU
		{7558AFDE-060D-495D-B9A9-D18D5CEF8991}.Release|x86.Build.0 = Release|Any CPU
		{42053999-B910-496A-8FCE-1B7787D282F1}.Debug|Any CPU.ActiveCfg = Debug|Any CPU
		{42053999-B910-496A-8FCE-1B7787D282F1}.Debug|Any CPU.Build.0 = Debug|Any CPU
		{42053999-B910-496A-8FCE-1B7787D282F1}.Debug|x64.ActiveCfg = Debug|Any CPU
		{42053999-B910-496A-8FCE-1B7787D282F1}.Debug|x64.Build.0 = Debug|Any CPU
		{42053999-B910-496A-8FCE-1B7787D282F1}.Debug|x86.ActiveCfg = Debug|Any CPU
		{42053999-B910-496A-8FCE-1B7787D282F1}.Debug|x86.Build.0 = Debug|Any CPU
		{42053999-B910-496A-8FCE-1B7787D282F1}.Release|Any CPU.ActiveCfg = Release|Any CPU
		{42053999-B910-496A-8FCE-1B7787D282F1}.Release|Any CPU.Build.0 = Release|Any CPU
		{42053999-B910-496A-8FCE-1B7787D282F1}.Release|x64.ActiveCfg = Release|Any CPU
		{42053999-B910-496A-8FCE-1B7787D282F1}.Release|x64.Build.0 = Release|Any CPU
		{42053999-B910-496A-8FCE-1B7787D282F1}.Release|x86.ActiveCfg = Release|Any CPU
		{42053999-B910-496A-8FCE-1B7787D282F1}.Release|x86.Build.0 = Release|Any CPU
		{BCC55E20-4A0D-410E-AAFF-6F112718489D}.Debug|Any CPU.ActiveCfg = Debug|Any CPU
		{BCC55E20-4A0D-410E-AAFF-6F112718489D}.Debug|Any CPU.Build.0 = Debug|Any CPU
		{BCC55E20-4A0D-410E-AAFF-6F112718489D}.Debug|x64.ActiveCfg = Debug|Any CPU
		{BCC55E20-4A0D-410E-AAFF-6F112718489D}.Debug|x64.Build.0 = Debug|Any CPU
		{BCC55E20-4A0D-410E-AAFF-6F112718489D}.Debug|x86.ActiveCfg = Debug|Any CPU
		{BCC55E20-4A0D-410E-AAFF-6F112718489D}.Debug|x86.Build.0 = Debug|Any CPU
		{BCC55E20-4A0D-410E-AAFF-6F112718489D}.Release|Any CPU.ActiveCfg = Release|Any CPU
		{BCC55E20-4A0D-410E-AAFF-6F112718489D}.Release|Any CPU.Build.0 = Release|Any CPU
		{BCC55E20-4A0D-410E-AAFF-6F112718489D}.Release|x64.ActiveCfg = Release|Any CPU
		{BCC55E20-4A0D-410E-AAFF-6F112718489D}.Release|x64.Build.0 = Release|Any CPU
		{BCC55E20-4A0D-410E-AAFF-6F112718489D}.Release|x86.ActiveCfg = Release|Any CPU
		{BCC55E20-4A0D-410E-AAFF-6F112718489D}.Release|x86.Build.0 = Release|Any CPU
	EndGlobalSection
	GlobalSection(SolutionProperties) = preSolution
		HideSolutionNode = FALSE
	EndGlobalSection
	GlobalSection(NestedProjects) = preSolution
		{974D43DE-68C5-4769-9F6B-890338B4D0D7} = {827E0CD3-B72D-47B6-A68D-7590B98EB39B}
		{F4231187-6AAF-478F-9597-5D77148F38B2} = {827E0CD3-B72D-47B6-A68D-7590B98EB39B}
		{6D2D3C55-2214-4928-9121-F76BA8DCD0E1} = {827E0CD3-B72D-47B6-A68D-7590B98EB39B}
		{5A88D25E-EF00-4D86-AB63-DA0C93FFF806} = {827E0CD3-B72D-47B6-A68D-7590B98EB39B}
		{628C2F2D-8918-4A79-AB47-8803ACB48C1A} = {827E0CD3-B72D-47B6-A68D-7590B98EB39B}
		{7558AFDE-060D-495D-B9A9-D18D5CEF8991} = {0AB3BF05-4346-4AA6-1389-037BE0695223}
		{42053999-B910-496A-8FCE-1B7787D282F1} = {0AB3BF05-4346-4AA6-1389-037BE0695223}
		{BCC55E20-4A0D-410E-AAFF-6F112718489D} = {4F9DEAE5-078F-E77A-2E4A-FEB6FFE226FF}
	EndGlobalSection
EndGlobal
